
Microsoft Visual Studio Solution File, Format Version 12.00
# Visual Studio Version 16
VisualStudioVersion = 16.0.31424.327
MinimumVisualStudioVersion = 10.0.40219.1
Project("{9A19103F-16F7-4668-BE54-9A1E7A4F7556}") = "Aluraflix.API", "Aluraflix.API\Aluraflix.API.csproj", "{1C747F72-CEF4-413F-9BCF-A017E0C5C2E9}"
EndProject
Project("{9A19103F-16F7-4668-BE54-9A1E7A4F7556}") = "Aluraflix.API.Tests", "Aluraflix.API.Tests\Aluraflix.API.Tests.csproj", "{0DCB4E33-3851-400B-B2E2-B0B1166CB666}"
EndProject
Project("{FAE04EC0-301F-11D3-BF4B-00C04F79EFBC}") = "Aluraflix.API.Tests.Integration", "Aluraflix.API.Tests.Integration\Aluraflix.API.Tests.Integration.csproj", "{7D16D573-5563-4835-98BB-8780277669A2}"
EndProject
Global
	GlobalSection(SolutionConfigurationPlatforms) = preSolution
		Debug|Any CPU = Debug|Any CPU
		Release|Any CPU = Release|Any CPU
	EndGlobalSection
	GlobalSection(ProjectConfigurationPlatforms) = postSolution
		{1C747F72-CEF4-413F-9BCF-A017E0C5C2E9}.Debug|Any CPU.ActiveCfg = Debug|Any CPU
		{1C747F72-CEF4-413F-9BCF-A017E0C5C2E9}.Debug|Any CPU.Build.0 = Debug|Any CPU
		{1C747F72-CEF4-413F-9BCF-A017E0C5C2E9}.Release|Any CPU.ActiveCfg = Release|Any CPU
		{1C747F72-CEF4-413F-9BCF-A017E0C5C2E9}.Release|Any CPU.Build.0 = Release|Any CPU
		{0DCB4E33-3851-400B-B2E2-B0B1166CB666}.Debug|Any CPU.ActiveCfg = Debug|Any CPU
		{0DCB4E33-3851-400B-B2E2-B0B1166CB666}.Debug|Any CPU.Build.0 = Debug|Any CPU
		{0DCB4E33-3851-400B-B2E2-B0B1166CB666}.Release|Any CPU.ActiveCfg = Release|Any CPU
		{0DCB4E33-3851-400B-B2E2-B0B1166CB666}.Release|Any CPU.Build.0 = Release|Any CPU
		{7D16D573-5563-4835-98BB-8780277669A2}.Debug|Any CPU.ActiveCfg = Debug|Any CPU
		{7D16D573-5563-4835-98BB-8780277669A2}.Debug|Any CPU.Build.0 = Debug|Any CPU
		{7D16D573-5563-4835-98BB-8780277669A2}.Release|Any CPU.ActiveCfg = Release|Any CPU
		{7D16D573-5563-4835-98BB-8780277669A2}.Release|Any CPU.Build.0 = Release|Any CPU
	EndGlobalSection
	GlobalSection(SolutionProperties) = preSolution
		HideSolutionNode = FALSE
	EndGlobalSection
	GlobalSection(ExtensibilityGlobals) = postSolution
		SolutionGuid = {76164A61-FB3D-4F4A-99A1-C50441A64D8F}
	EndGlobalSection
EndGlobal
